
Microsoft Visual Studio Solution File, Format Version 12.00
# Visual Studio Version 17
VisualStudioVersion = 17.9.34622.214
MinimumVisualStudioVersion = 10.0.40219.1
Project("{FAE04EC0-301F-11D3-BF4B-00C04F79EFBC}") = "Lesson 5", "Lesson 5\Lesson 5.csproj", "{49D394BA-4193-4B69-995F-352E64ACCA56}"
EndProject
Global
	GlobalSection(SolutionConfigurationPlatforms) = preSolution
		Debug|Any CPU = Debug|Any CPU
		Release|Any CPU = Release|Any CPU
	EndGlobalSection
	GlobalSection(ProjectConfigurationPlatforms) = postSolution
		{49D394BA-4193-4B69-995F-352E64ACCA56}.Debug|Any CPU.ActiveCfg = Debug|Any CPU
		{49D394BA-4193-4B69-995F-352E64ACCA56}.Debug|Any CPU.Build.0 = Debug|Any CPU
		{49D394BA-4193-4B69-995F-352E64ACCA56}.Release|Any CPU.ActiveCfg = Release|Any CPU
		{49D394BA-4193-4B69-995F-352E64ACCA56}.Release|Any CPU.Build.0 = Release|Any CPU
	EndGlobalSection
	GlobalSection(SolutionProperties) = preSolution
		HideSolutionNode = FALSE
	EndGlobalSection
	GlobalSection(ExtensibilityGlobals) = postSolution
		SolutionGuid = {92B73A76-C3E9-4DBF-88CC-DAE04B080B12}
	EndGlobalSection
EndGlobal
